
Microsoft Visual Studio Solution File, Format Version 12.00
# Visual Studio Version 17
VisualStudioVersion = 17.11.35208.52
MinimumVisualStudioVersion = 10.0.40219.1
Project("{FAE04EC0-301F-11D3-BF4B-00C04F79EFBC}") = "TrayKeeper", "TrayKeeper\TrayKeeper.csproj", "{2688D5D9-CBD8-42F6-9EF0-5283928ABE1A}"
EndProject
Global
	GlobalSection(SolutionConfigurationPlatforms) = preSolution
		Debug|Any CPU = Debug|Any CPU
		Release|Any CPU = Release|Any CPU
	EndGlobalSection
	GlobalSection(ProjectConfigurationPlatforms) = postSolution
		{2688D5D9-CBD8-42F6-9EF0-5283928ABE1A}.Debug|Any CPU.ActiveCfg = Debug|Any CPU
		{2688D5D9-CBD8-42F6-9EF0-5283928ABE1A}.Debug|Any CPU.Build.0 = Debug|Any CPU
		{2688D5D9-CBD8-42F6-9EF0-5283928ABE1A}.Debug|Any CPU.Deploy.0 = Debug|Any CPU
		{2688D5D9-CBD8-42F6-9EF0-5283928ABE1A}.Release|Any CPU.ActiveCfg = Release|Any CPU
		{2688D5D9-CBD8-42F6-9EF0-5283928ABE1A}.Release|Any CPU.Build.0 = Release|Any CPU
		{2688D5D9-CBD8-42F6-9EF0-5283928ABE1A}.Release|Any CPU.Deploy.0 = Release|Any CPU
	EndGlobalSection
	GlobalSection(SolutionProperties) = preSolution
		HideSolutionNode = FALSE
	EndGlobalSection
	GlobalSection(ExtensibilityGlobals) = postSolution
		SolutionGuid = {44177318-198C-4AB1-BC14-52BD23999328}
	EndGlobalSection
EndGlobal
